
Microsoft Visual Studio Solution File, Format Version 12.00
# Visual Studio 15
VisualStudioVersion = 15.0.26124.0
MinimumVisualStudioVersion = 15.0.26124.0
Project("{2150E333-8FDC-42A3-9474-1A3956D46DE8}") = "src", "src", "{55B728E2-17F2-47E3-8442-FB6678A572A2}"
EndProject
Project("{FAE04EC0-301F-11D3-BF4B-00C04F79EFBC}") = "ImageProcessing.Library", "src\ImageProcessing.Library\ImageProcessing.Library.csproj", "{01062ECD-76E5-4F59-A1CF-0B12E609734C}"
EndProject
Project("{FAE04EC0-301F-11D3-BF4B-00C04F79EFBC}") = "ImageProcessing.WPF", "src\ImageProcessing.WPF\ImageProcessing.WPF.csproj", "{CC0A1E4F-50BB-4E51-80F3-2A14308014D2}"
EndProject
Project("{2150E333-8FDC-42A3-9474-1A3956D46DE8}") = "test", "test", "{625C7B89-D2E4-48E8-8BD0-F7A5E76C702F}"
EndProject
Project("{FAE04EC0-301F-11D3-BF4B-00C04F79EFBC}") = "ImageProcessing.Library.Test", "test\ImageProcessing.Library.Test\ImageProcessing.Library.Test.csproj", "{A359AFD6-6E6C-4B5B-A52D-B2EDA2AAABF9}"
EndProject
Global
	GlobalSection(SolutionConfigurationPlatforms) = preSolution
		Debug|Any CPU = Debug|Any CPU
		Debug|x64 = Debug|x64
		Debug|x86 = Debug|x86
		Release|Any CPU = Release|Any CPU
		Release|x64 = Release|x64
		Release|x86 = Release|x86
	EndGlobalSection
	GlobalSection(SolutionProperties) = preSolution
		HideSolutionNode = FALSE
	EndGlobalSection
	GlobalSection(ProjectConfigurationPlatforms) = postSolution
		{01062ECD-76E5-4F59-A1CF-0B12E609734C}.Debug|Any CPU.ActiveCfg = Debug|Any CPU
		{01062ECD-76E5-4F59-A1CF-0B12E609734C}.Debug|Any CPU.Build.0 = Debug|Any CPU
		{01062ECD-76E5-4F59-A1CF-0B12E609734C}.Debug|x64.ActiveCfg = Debug|Any CPU
		{01062ECD-76E5-4F59-A1CF-0B12E609734C}.Debug|x64.Build.0 = Debug|Any CPU
		{01062ECD-76E5-4F59-A1CF-0B12E609734C}.Debug|x86.ActiveCfg = Debug|Any CPU
		{01062ECD-76E5-4F59-A1CF-0B12E609734C}.Debug|x86.Build.0 = Debug|Any CPU
		{01062ECD-76E5-4F59-A1CF-0B12E609734C}.Release|Any CPU.ActiveCfg = Release|Any CPU
		{01062ECD-76E5-4F59-A1CF-0B12E609734C}.Release|Any CPU.Build.0 = Release|Any CPU
		{01062ECD-76E5-4F59-A1CF-0B12E609734C}.Release|x64.ActiveCfg = Release|Any CPU
		{01062ECD-76E5-4F59-A1CF-0B12E609734C}.Release|x64.Build.0 = Release|Any CPU
		{01062ECD-76E5-4F59-A1CF-0B12E609734C}.Release|x86.ActiveCfg = Release|Any CPU
		{01062ECD-76E5-4F59-A1CF-0B12E609734C}.Release|x86.Build.0 = Release|Any CPU
		{CC0A1E4F-50BB-4E51-80F3-2A14308014D2}.Debug|Any CPU.ActiveCfg = Debug|Any CPU
		{CC0A1E4F-50BB-4E51-80F3-2A14308014D2}.Debug|Any CPU.Build.0 = Debug|Any CPU
		{CC0A1E4F-50BB-4E51-80F3-2A14308014D2}.Debug|x64.ActiveCfg = Debug|Any CPU
		{CC0A1E4F-50BB-4E51-80F3-2A14308014D2}.Debug|x64.Build.0 = Debug|Any CPU
		{CC0A1E4F-50BB-4E51-80F3-2A14308014D2}.Debug|x86.ActiveCfg = Debug|Any CPU
		{CC0A1E4F-50BB-4E51-80F3-2A14308014D2}.Debug|x86.Build.0 = Debug|Any CPU
		{CC0A1E4F-50BB-4E51-80F3-2A14308014D2}.Release|Any CPU.ActiveCfg = Release|Any CPU
		{CC0A1E4F-50BB-4E51-80F3-2A14308014D2}.Release|Any CPU.Build.0 = Release|Any CPU
		{CC0A1E4F-50BB-4E51-80F3-2A14308014D2}.Release|x64.ActiveCfg = Release|Any CPU
		{CC0A1E4F-50BB-4E51-80F3-2A14308014D2}.Release|x64.Build.0 = Release|Any CPU
		{CC0A1E4F-50BB-4E51-80F3-2A14308014D2}.Release|x86.ActiveCfg = Release|Any CPU
		{CC0A1E4F-50BB-4E51-80F3-2A14308014D2}.Release|x86.Build.0 = Release|Any CPU
		{A359AFD6-6E6C-4B5B-A52D-B2EDA2AAABF9}.Debug|Any CPU.ActiveCfg = Debug|Any CPU
		{A359AFD6-6E6C-4B5B-A52D-B2EDA2AAABF9}.Debug|Any CPU.Build.0 = Debug|Any CPU
		{A359AFD6-6E6C-4B5B-A52D-B2EDA2AAABF9}.Debug|x64.ActiveCfg = Debug|Any CPU
		{A359AFD6-6E6C-4B5B-A52D-B2EDA2AAABF9}.Debug|x64.Build.0 = Debug|Any CPU
		{A359AFD6-6E6C-4B5B-A52D-B2EDA2AAABF9}.Debug|x86.ActiveCfg = Debug|Any CPU
		{A359AFD6-6E6C-4B5B-A52D-B2EDA2AAABF9}.Debug|x86.Build.0 = Debug|Any CPU
		{A359AFD6-6E6C-4B5B-A52D-B2EDA2AAABF9}.Release|Any CPU.ActiveCfg = Release|Any CPU
		{A359AFD6-6E6C-4B5B-A52D-B2EDA2AAABF9}.Release|Any CPU.Build.0 = Release|Any CPU
		{A359AFD6-6E6C-4B5B-A52D-B2EDA2AAABF9}.Release|x64.ActiveCfg = Release|Any CPU
		{A359AFD6-6E6C-4B5B-A52D-B2EDA2AAABF9}.Release|x64.Build.0 = Release|Any CPU
		{A359AFD6-6E6C-4B5B-A52D-B2EDA2AAABF9}.Release|x86.ActiveCfg = Release|Any CPU
		{A359AFD6-6E6C-4B5B-A52D-B2EDA2AAABF9}.Release|x86.Build.0 = Release|Any CPU
	EndGlobalSection
	GlobalSection(NestedProjects) = preSolution
		{01062ECD-76E5-4F59-A1CF-0B12E609734C} = {55B728E2-17F2-47E3-8442-FB6678A572A2}
		{CC0A1E4F-50BB-4E51-80F3-2A14308014D2} = {55B728E2-17F2-47E3-8442-FB6678A572A2}
		{A359AFD6-6E6C-4B5B-A52D-B2EDA2AAABF9} = {625C7B89-D2E4-48E8-8BD0-F7A5E76C702F}
	EndGlobalSection
EndGlobal
